<?xml version="1.0" encoding="utf-8"?>
<Project ToolsVersion="4.0" xmlns="http://schemas.microsoft.com/developer/msbuild/2003">
  <ItemGroup>
    <Filter Include="Source Files">
      <UniqueIdentifier>{4FC737F1-C7A5-4376-A066-2A32D752A2FF}</UniqueIdentifier>
      <Extensions>cpp;c;cc;cxx;def;odl;idl;hpj;bat;asm;asmx</Extensions>
    </Filter>
    <Filter Include="Header Files">
      <UniqueIdentifier>{93995380-89BD-4b04-88EB-625FBE52EBFB}</UniqueIdentifier>
      <Extensions>h;hpp;hxx;hm;inl;inc;xsd</Extensions>
    </Filter>
    <Filter Include="Resource Files">
      <UniqueIdentifier>{67DA6AB6-F800-4c08-8B7A-83BB121AAD01}</UniqueIdentifier>
      <Extensions>rc;ico;cur;bmp;dlg;rc2;rct;bin;rgs;gif;jpg;jpeg;jpe;resx;tiff;tif;png;wav;mfcribbon-ms</Extensions>
    </Filter>
  </ItemGroup>
  <ItemGroup>
    <ClCompile Include="cray_iop.cpp">
      <Filter>Source Files</Filter>
    </ClCompile>
    <ClCompile Include="cray_mainframe.cpp">
      <Filter>Source Files</Filter>
    </ClCompile>
    <ClCompile Include="sys_task_req.cpp">
      <Filter>Source Files</Filter>
    </ClCompile>
    <ClCompile Include="cray_channels.cpp">
      <Filter>Source Files</Filter>
    </ClCompile>
    <ClCompile Include="cray_logger.cpp">
      <Filter>Source Files</Filter>
    </ClCompile>
    <ClCompile Include="cray_types.cpp">
      <Filter>Source Files</Filter>
    </ClCompile>
    <ClCompile Include="logger.cpp">
      <Filter>Source Files</Filter>
    </ClCompile>
    <ClCompile Include="cray_float.cpp">
      <Filter>Source Files</Filter>
    </ClCompile>
    <ClCompile Include="curses_win.cpp">
      <Filter>Source Files</Filter>
    </ClCompile>
    <ClCompile Include="iop_bmx.cpp">
      <Filter>Source Files</Filter>
    </ClCompile>
    <ClCompile Include="iop_concentrator.cpp">
      <Filter>Source Files</Filter>
    </ClCompile>
    <ClCompile Include="iop_console.cpp">
      <Filter>Source Files</Filter>
    </ClCompile>
    <ClCompile Include="iop_disk.cpp">
      <Filter>Source Files</Filter>
    </ClCompile>
    <ClCompile Include="iop_expander.cpp">
      <Filter>Source Files</Filter>
    </ClCompile>
    <ClCompile Include="iop_host_memory.cpp">
      <Filter>Source Files</Filter>
    </ClCompile>
    <ClCompile Include="iop_iop2cray.cpp">
      <Filter>Source Files</Filter>
    </ClCompile>
    <ClCompile Include="iop_iop2iop.cpp">
      <Filter>Source Files</Filter>
    </ClCompile>
    <ClCompile Include="iop_era.cpp">
      <Filter>Source Files</Filter>
    </ClCompile>
    <ClCompile Include="tap_file.cpp">
      <Filter>Source Files</Filter>
    </ClCompile>
    <ClCompile Include="utils.cpp">
      <Filter>Source Files</Filter>
    </ClCompile>
    <ClCompile Include="config_file.cpp">
      <Filter>Source Files</Filter>
    </ClCompile>
    <ClCompile Include="cray_iop_built_in_channels.cpp">
      <Filter>Source Files</Filter>
    </ClCompile>
    <ClCompile Include="parser.cpp">
      <Filter>Source Files</Filter>
    </ClCompile>
    <ClCompile Include="commands.cpp">
      <Filter>Source Files</Filter>
    </ClCompile>
    <ClCompile Include="poked_tap_file.cpp">
      <Filter>Source Files</Filter>
    </ClCompile>
    <ClCompile Include="sim_iop.cpp">
      <Filter>Source Files</Filter>
    </ClCompile>
    <ClCompile Include="sim_iop_eth.cpp">
      <Filter>Source Files</Filter>
    </ClCompile>
    <ClCompile Include="sim_iop_con.cpp">
      <Filter>Source Files</Filter>
    </ClCompile>
    <ClCompile Include="sim_iop_disk.cpp">
      <Filter>Source Files</Filter>
    </ClCompile>
    <ClCompile Include="sim_iop_periph.cpp">
      <Filter>Source Files</Filter>
    </ClCompile>
    <ClCompile Include="vtap_win32.cpp">
      <Filter>Source Files</Filter>
    </ClCompile>
    <ClCompile Include="iop_cluster.cpp">
      <Filter>Source Files</Filter>
    </ClCompile>
    <ClCompile Include="iop_cluster_if.cpp">
      <Filter>Source Files</Filter>
    </ClCompile>
    <ClCompile Include="console.cpp">
      <Filter>Source Files</Filter>
    </ClCompile>
    <ClCompile Include="ui.cpp">
      <Filter>Source Files</Filter>
    </ClCompile>
    <ClCompile Include="unicos_proc_list.cpp">
      <Filter>Source Files</Filter>
    </ClCompile>
    <ClCompile Include="cray_softcpu.cpp">
      <Filter>Source Files</Filter>
    </ClCompile>
  </ItemGroup>
  <ItemGroup>
    <ClInclude Include="cray_cpu.h">
      <Filter>Header Files</Filter>
    </ClInclude>
    <ClInclude Include="cray_iop.h">
      <Filter>Header Files</Filter>
    </ClInclude>
    <ClInclude Include="cray_mainframe.h">
      <Filter>Header Files</Filter>
    </ClInclude>
    <ClInclude Include="exchange_packet.h">
      <Filter>Header Files</Filter>
    </ClInclude>
    <ClInclude Include="sys_task_req.h">
      <Filter>Header Files</Filter>
    </ClInclude>
    <ClInclude Include="cray_channels.h">
      <Filter>Header Files</Filter>
    </ClInclude>
    <ClInclude Include="cray_logger.h">
      <Filter>Header Files</Filter>
    </ClInclude>
    <ClInclude Include="logger.h">
      <Filter>Header Files</Filter>
    </ClInclude>
    <ClInclude Include="cray_types.h">
      <Filter>Header Files</Filter>
    </ClInclude>
    <ClInclude Include="utils.h">
      <Filter>Header Files</Filter>
    </ClInclude>
    <ClInclude Include="config.h">
      <Filter>Header Files</Filter>
    </ClInclude>
    <ClInclude Include="debug_events.h">
      <Filter>Header Files</Filter>
    </ClInclude>
    <ClInclude Include="curses_wrapper.h">
      <Filter>Header Files</Filter>
    </ClInclude>
    <ClInclude Include="curses_win.h">
      <Filter>Header Files</Filter>
    </ClInclude>
    <ClInclude Include="iop_bmx.h">
      <Filter>Header Files</Filter>
    </ClInclude>
    <ClInclude Include="iop_concentrator.h">
      <Filter>Header Files</Filter>
    </ClInclude>
    <ClInclude Include="iop_console.h">
      <Filter>Header Files</Filter>
    </ClInclude>
    <ClInclude Include="iop_disk.h">
      <Filter>Header Files</Filter>
    </ClInclude>
    <ClInclude Include="iop_expander.h">
      <Filter>Header Files</Filter>
    </ClInclude>
    <ClInclude Include="iop_host_memory.h">
      <Filter>Header Files</Filter>
    </ClInclude>
    <ClInclude Include="iop_iop2cray.h">
      <Filter>Header Files</Filter>
    </ClInclude>
    <ClInclude Include="iop_iop2iop.h">
      <Filter>Header Files</Filter>
    </ClInclude>
    <ClInclude Include="iop_era.h">
      <Filter>Header Files</Filter>
    </ClInclude>
    <ClInclude Include="tap_file.h">
      <Filter>Header Files</Filter>
    </ClInclude>
    <ClInclude Include="config_file.h">
      <Filter>Header Files</Filter>
    </ClInclude>
    <ClInclude Include="ui.h">
      <Filter>Header Files</Filter>
    </ClInclude>
    <ClInclude Include="parser.h">
      <Filter>Header Files</Filter>
    </ClInclude>
    <ClInclude Include="commands.h">
      <Filter>Header Files</Filter>
    </ClInclude>
    <ClInclude Include="poked_tap_file.h">
      <Filter>Header Files</Filter>
    </ClInclude>
    <ClInclude Include="sim_iop.h">
      <Filter>Header Files</Filter>
    </ClInclude>
    <ClInclude Include="exceptions.h">
      <Filter>Header Files</Filter>
    </ClInclude>
    <ClInclude Include="sim_iop_eth.h">
      <Filter>Header Files</Filter>
    </ClInclude>
    <ClInclude Include="sim_iop_disk.h">
      <Filter>Header Files</Filter>
    </ClInclude>
    <ClInclude Include="sim_iop_con.h">
      <Filter>Header Files</Filter>
    </ClInclude>
    <ClInclude Include="sim_iop_periph.h">
      <Filter>Header Files</Filter>
    </ClInclude>
    <ClInclude Include="vtap_win32.h">
      <Filter>Header Files</Filter>
    </ClInclude>
    <ClInclude Include="iop_cluster.h">
      <Filter>Header Files</Filter>
    </ClInclude>
    <ClInclude Include="iop_cluster_if.h">
      <Filter>Header Files</Filter>
    </ClInclude>
    <ClInclude Include="console.h">
      <Filter>Header Files</Filter>
    </ClInclude>
    <ClInclude Include="unicos_proc_list.h">
      <Filter>Header Files</Filter>
    </ClInclude>
    <ClInclude Include="cray_cpu_inst_0000_0037.h">
      <Filter>Header Files</Filter>
    </ClInclude>
    <ClInclude Include="cray_cpu_inst_0100_0137.h">
      <Filter>Header Files</Filter>
    </ClInclude>
    <ClInclude Include="cray_cpu_inst_0140_0177.h">
      <Filter>Header Files</Filter>
    </ClInclude>
    <ClInclude Include="cray_cpu_inst_0040_0077.h">
      <Filter>Header Files</Filter>
    </ClInclude>
    <ClInclude Include="cray_softcpu.h">
      <Filter>Header Files</Filter>
    </ClInclude>
  </ItemGroup>
</Project>