
Microsoft Visual Studio Solution File, Format Version 12.00
# Visual Studio 14
VisualStudioVersion = 14.0.25420.1
MinimumVisualStudioVersion = 10.0.40219.1
Project("{8BC9CEB8-8B4A-11D0-8D11-00A0C91BC942}") = "cray_sim", "cray_sim\cray_sim.vcxproj", "{44538B87-E1EA-4D96-BA93-27FFCA411511}"
	ProjectSection(ProjectDependencies) = postProject
		{8A280901-357C-4A38-881E-841654C8A6BD} = {8A280901-357C-4A38-881E-841654C8A6BD}
		{30219775-4C69-4E2A-9A6C-7D1D6B226E5F} = {30219775-4C69-4E2A-9A6C-7D1D6B226E5F}
		{4124F37F-26B7-46B6-BE8D-4D8F88540EE6} = {4124F37F-26B7-46B6-BE8D-4D8F88540EE6}
	EndProjectSection
EndProject
Project("{8BC9CEB8-8B4A-11D0-8D11-00A0C91BC942}") = "dump", "dump\dump.vcxproj", "{D7439911-2F17-4808-960D-45628C7A8DA2}"
EndProject
Project("{8BC9CEB8-8B4A-11D0-8D11-00A0C91BC942}") = "exp_disk_create", "exp_disk_create\exp_disk_create.vcxproj", "{71288978-E247-4B15-8ED2-E244785B0329}"
EndProject
Project("{8BC9CEB8-8B4A-11D0-8D11-00A0C91BC942}") = "file_splitter", "file_splitter\file_splitter.vcxproj", "{EE587BA2-8369-484D-9A25-CCBBFE03CDEA}"
EndProject
Project("{8BC9CEB8-8B4A-11D0-8D11-00A0C91BC942}") = "iop_disasm", "iop_disasm\iop_disasm.vcxproj", "{3E995F43-FD4C-4D50-A18A-C7781B9FACB0}"
	ProjectSection(ProjectDependencies) = postProject
		{8A280901-357C-4A38-881E-841654C8A6BD} = {8A280901-357C-4A38-881E-841654C8A6BD}
	EndProjectSection
EndProject
Project("{8BC9CEB8-8B4A-11D0-8D11-00A0C91BC942}") = "ovl_split", "ovl_split\ovl_split.vcxproj", "{DE4FBBFE-7479-4AFF-846D-69DC799F5ADF}"
	ProjectSection(ProjectDependencies) = postProject
		{8A280901-357C-4A38-881E-841654C8A6BD} = {8A280901-357C-4A38-881E-841654C8A6BD}
	EndProjectSection
EndProject
Project("{8BC9CEB8-8B4A-11D0-8D11-00A0C91BC942}") = "pdcurses", "pdcurses\pdcurses.vcxproj", "{30219775-4C69-4E2A-9A6C-7D1D6B226E5F}"
EndProject
Project("{8BC9CEB8-8B4A-11D0-8D11-00A0C91BC942}") = "sim_lib", "sim_lib\sim_lib.vcxproj", "{8A280901-357C-4A38-881E-841654C8A6BD}"
EndProject
Project("{8BC9CEB8-8B4A-11D0-8D11-00A0C91BC942}") = "cray_disasm", "cray_disasm\cray_disasm.vcxproj", "{7EE8F4CB-3CED-4448-9D52-240AF6EA9CB7}"
	ProjectSection(ProjectDependencies) = postProject
		{8A280901-357C-4A38-881E-841654C8A6BD} = {8A280901-357C-4A38-881E-841654C8A6BD}
	EndProjectSection
EndProject
Project("{8BC9CEB8-8B4A-11D0-8D11-00A0C91BC942}") = "pl_extractor", "pl_extractor\pl_extractor.vcxproj", "{2E2A0325-5E70-456F-BC96-3A1E8A212480}"
EndProject
Project("{8BC9CEB8-8B4A-11D0-8D11-00A0C91BC942}") = "ddisk_extractor", "ddisk_extractor\ddisk_extractor.vcxproj", "{290FB032-A287-4F84-BFAA-8BE2754961BE}"
EndProject
Project("{8BC9CEB8-8B4A-11D0-8D11-00A0C91BC942}") = "tap_extractor", "tap_extractor\tap_extractor.vcxproj", "{10090A23-EC31-4D3F-88FD-82E8D9165B0D}"
EndProject
Project("{8BC9CEB8-8B4A-11D0-8D11-00A0C91BC942}") = "tap_edit", "tap_edit\tap_edit.vcxproj", "{F86385AF-0FBA-4987-AB87-6F559F46176D}"
	ProjectSection(ProjectDependencies) = postProject
		{8A280901-357C-4A38-881E-841654C8A6BD} = {8A280901-357C-4A38-881E-841654C8A6BD}
	EndProjectSection
EndProject
Project("{8BC9CEB8-8B4A-11D0-8D11-00A0C91BC942}") = "ds_edit", "ds_edit\ds_edit.vcxproj", "{DD0A3D36-E955-44CC-9F3F-C7A151427282}"
EndProject
Project("{8BC9CEB8-8B4A-11D0-8D11-00A0C91BC942}") = "mkfs_unicos", "mkfs_unicos\mkfs_unicos.vcxproj", "{0D2E9B6C-0001-4222-AE35-22A18BDAAA33}"
EndProject
Project("{8BC9CEB8-8B4A-11D0-8D11-00A0C91BC942}") = "bcpio_extractor", "bcpio_extractor\bcpio_extractor.vcxproj", "{385342EC-D560-42E9-9B7C-C56082DF2789}"
EndProject
Project("{8BC9CEB8-8B4A-11D0-8D11-00A0C91BC942}") = "bin_patch", "bin_patch\bin_patch.vcxproj", "{995304E6-52BE-44EA-B399-D3FFD525C7A0}"
	ProjectSection(ProjectDependencies) = postProject
		{8A280901-357C-4A38-881E-841654C8A6BD} = {8A280901-357C-4A38-881E-841654C8A6BD}
	EndProjectSection
EndProject
Project("{8BC9CEB8-8B4A-11D0-8D11-00A0C91BC942}") = "httpd", "httpd\httpd.vcxproj", "{4124F37F-26B7-46B6-BE8D-4D8F88540EE6}"
EndProject
Project("{8BC9CEB8-8B4A-11D0-8D11-00A0C91BC942}") = "fp_test", "fp_test\fp_test.vcxproj", "{000E2935-DB81-4A60-BE07-1E46B21502ED}"
	ProjectSection(ProjectDependencies) = postProject
		{8A280901-357C-4A38-881E-841654C8A6BD} = {8A280901-357C-4A38-881E-841654C8A6BD}
	EndProjectSection
EndProject
Global
	GlobalSection(SolutionConfigurationPlatforms) = preSolution
		Debug|Win32 = Debug|Win32
		Debug|x64 = Debug|x64
		Release_PGO_Inst|Win32 = Release_PGO_Inst|Win32
		Release_PGO_Inst|x64 = Release_PGO_Inst|x64
		Release|Win32 = Release|Win32
		Release|x64 = Release|x64
	EndGlobalSection
	GlobalSection(ProjectConfigurationPlatforms) = postSolution
		{44538B87-E1EA-4D96-BA93-27FFCA411511}.Debug|Win32.ActiveCfg = Debug|Win32
		{44538B87-E1EA-4D96-BA93-27FFCA411511}.Debug|Win32.Build.0 = Debug|Win32
		{44538B87-E1EA-4D96-BA93-27FFCA411511}.Debug|x64.ActiveCfg = Debug|x64
		{44538B87-E1EA-4D96-BA93-27FFCA411511}.Debug|x64.Build.0 = Debug|x64
		{44538B87-E1EA-4D96-BA93-27FFCA411511}.Release_PGO_Inst|Win32.ActiveCfg = Release_PGO_Inst|Win32
		{44538B87-E1EA-4D96-BA93-27FFCA411511}.Release_PGO_Inst|Win32.Build.0 = Release_PGO_Inst|Win32
		{44538B87-E1EA-4D96-BA93-27FFCA411511}.Release_PGO_Inst|x64.ActiveCfg = Release_PGO_Inst|x64
		{44538B87-E1EA-4D96-BA93-27FFCA411511}.Release_PGO_Inst|x64.Build.0 = Release_PGO_Inst|x64
		{44538B87-E1EA-4D96-BA93-27FFCA411511}.Release|Win32.ActiveCfg = Release|Win32
		{44538B87-E1EA-4D96-BA93-27FFCA411511}.Release|Win32.Build.0 = Release|Win32
		{44538B87-E1EA-4D96-BA93-27FFCA411511}.Release|x64.ActiveCfg = Release|x64
		{44538B87-E1EA-4D96-BA93-27FFCA411511}.Release|x64.Build.0 = Release|x64
		{D7439911-2F17-4808-960D-45628C7A8DA2}.Debug|Win32.ActiveCfg = Debug|Win32
		{D7439911-2F17-4808-960D-45628C7A8DA2}.Debug|Win32.Build.0 = Debug|Win32
		{D7439911-2F17-4808-960D-45628C7A8DA2}.Debug|x64.ActiveCfg = Debug|x64
		{D7439911-2F17-4808-960D-45628C7A8DA2}.Debug|x64.Build.0 = Debug|x64
		{D7439911-2F17-4808-960D-45628C7A8DA2}.Release_PGO_Inst|Win32.ActiveCfg = Release_PGO_Inst|Win32
		{D7439911-2F17-4808-960D-45628C7A8DA2}.Release_PGO_Inst|Win32.Build.0 = Release_PGO_Inst|Win32
		{D7439911-2F17-4808-960D-45628C7A8DA2}.Release_PGO_Inst|x64.ActiveCfg = Release_PGO_Inst|x64
		{D7439911-2F17-4808-960D-45628C7A8DA2}.Release_PGO_Inst|x64.Build.0 = Release_PGO_Inst|x64
		{D7439911-2F17-4808-960D-45628C7A8DA2}.Release|Win32.ActiveCfg = Release|Win32
		{D7439911-2F17-4808-960D-45628C7A8DA2}.Release|Win32.Build.0 = Release|Win32
		{D7439911-2F17-4808-960D-45628C7A8DA2}.Release|x64.ActiveCfg = Release|x64
		{D7439911-2F17-4808-960D-45628C7A8DA2}.Release|x64.Build.0 = Release|x64
		{71288978-E247-4B15-8ED2-E244785B0329}.Debug|Win32.ActiveCfg = Debug|Win32
		{71288978-E247-4B15-8ED2-E244785B0329}.Debug|Win32.Build.0 = Debug|Win32
		{71288978-E247-4B15-8ED2-E244785B0329}.Debug|x64.ActiveCfg = Debug|x64
		{71288978-E247-4B15-8ED2-E244785B0329}.Debug|x64.Build.0 = Debug|x64
		{71288978-E247-4B15-8ED2-E244785B0329}.Release_PGO_Inst|Win32.ActiveCfg = Release_PGO_Inst|Win32
		{71288978-E247-4B15-8ED2-E244785B0329}.Release_PGO_Inst|Win32.Build.0 = Release_PGO_Inst|Win32
		{71288978-E247-4B15-8ED2-E244785B0329}.Release_PGO_Inst|x64.ActiveCfg = Release_PGO_Inst|x64
		{71288978-E247-4B15-8ED2-E244785B0329}.Release_PGO_Inst|x64.Build.0 = Release_PGO_Inst|x64
		{71288978-E247-4B15-8ED2-E244785B0329}.Release|Win32.ActiveCfg = Release|Win32
		{71288978-E247-4B15-8ED2-E244785B0329}.Release|Win32.Build.0 = Release|Win32
		{71288978-E247-4B15-8ED2-E244785B0329}.Release|x64.ActiveCfg = Release|x64
		{71288978-E247-4B15-8ED2-E244785B0329}.Release|x64.Build.0 = Release|x64
		{EE587BA2-8369-484D-9A25-CCBBFE03CDEA}.Debug|Win32.ActiveCfg = Debug|Win32
		{EE587BA2-8369-484D-9A25-CCBBFE03CDEA}.Debug|Win32.Build.0 = Debug|Win32
		{EE587BA2-8369-484D-9A25-CCBBFE03CDEA}.Debug|x64.ActiveCfg = Debug|x64
		{EE587BA2-8369-484D-9A25-CCBBFE03CDEA}.Debug|x64.Build.0 = Debug|x64
		{EE587BA2-8369-484D-9A25-CCBBFE03CDEA}.Release_PGO_Inst|Win32.ActiveCfg = Release_PGO_Inst|Win32
		{EE587BA2-8369-484D-9A25-CCBBFE03CDEA}.Release_PGO_Inst|Win32.Build.0 = Release_PGO_Inst|Win32
		{EE587BA2-8369-484D-9A25-CCBBFE03CDEA}.Release_PGO_Inst|x64.ActiveCfg = Release_PGO_Inst|x64
		{EE587BA2-8369-484D-9A25-CCBBFE03CDEA}.Release_PGO_Inst|x64.Build.0 = Release_PGO_Inst|x64
		{EE587BA2-8369-484D-9A25-CCBBFE03CDEA}.Release|Win32.ActiveCfg = Release|Win32
		{EE587BA2-8369-484D-9A25-CCBBFE03CDEA}.Release|Win32.Build.0 = Release|Win32
		{EE587BA2-8369-484D-9A25-CCBBFE03CDEA}.Release|x64.ActiveCfg = Release|x64
		{EE587BA2-8369-484D-9A25-CCBBFE03CDEA}.Release|x64.Build.0 = Release|x64
		{3E995F43-FD4C-4D50-A18A-C7781B9FACB0}.Debug|Win32.ActiveCfg = Debug|Win32
		{3E995F43-FD4C-4D50-A18A-C7781B9FACB0}.Debug|Win32.Build.0 = Debug|Win32
		{3E995F43-FD4C-4D50-A18A-C7781B9FACB0}.Debug|x64.ActiveCfg = Debug|x64
		{3E995F43-FD4C-4D50-A18A-C7781B9FACB0}.Debug|x64.Build.0 = Debug|x64
		{3E995F43-FD4C-4D50-A18A-C7781B9FACB0}.Release_PGO_Inst|Win32.ActiveCfg = Release_PGO_Inst|Win32
		{3E995F43-FD4C-4D50-A18A-C7781B9FACB0}.Release_PGO_Inst|Win32.Build.0 = Release_PGO_Inst|Win32
		{3E995F43-FD4C-4D50-A18A-C7781B9FACB0}.Release_PGO_Inst|x64.ActiveCfg = Release_PGO_Inst|x64
		{3E995F43-FD4C-4D50-A18A-C7781B9FACB0}.Release_PGO_Inst|x64.Build.0 = Release_PGO_Inst|x64
		{3E995F43-FD4C-4D50-A18A-C7781B9FACB0}.Release|Win32.ActiveCfg = Release|Win32
		{3E995F43-FD4C-4D50-A18A-C7781B9FACB0}.Release|Win32.Build.0 = Release|Win32
		{3E995F43-FD4C-4D50-A18A-C7781B9FACB0}.Release|x64.ActiveCfg = Release|x64
		{3E995F43-FD4C-4D50-A18A-C7781B9FACB0}.Release|x64.Build.0 = Release|x64
		{DE4FBBFE-7479-4AFF-846D-69DC799F5ADF}.Debug|Win32.ActiveCfg = Debug|Win32
		{DE4FBBFE-7479-4AFF-846D-69DC799F5ADF}.Debug|Win32.Build.0 = Debug|Win32
		{DE4FBBFE-7479-4AFF-846D-69DC799F5ADF}.Debug|x64.ActiveCfg = Debug|x64
		{DE4FBBFE-7479-4AFF-846D-69DC799F5ADF}.Debug|x64.Build.0 = Debug|x64
		{DE4FBBFE-7479-4AFF-846D-69DC799F5ADF}.Release_PGO_Inst|Win32.ActiveCfg = Release_PGO_Inst|Win32
		{DE4FBBFE-7479-4AFF-846D-69DC799F5ADF}.Release_PGO_Inst|Win32.Build.0 = Release_PGO_Inst|Win32
		{DE4FBBFE-7479-4AFF-846D-69DC799F5ADF}.Release_PGO_Inst|x64.ActiveCfg = Release_PGO_Inst|x64
		{DE4FBBFE-7479-4AFF-846D-69DC799F5ADF}.Release_PGO_Inst|x64.Build.0 = Release_PGO_Inst|x64
		{DE4FBBFE-7479-4AFF-846D-69DC799F5ADF}.Release|Win32.ActiveCfg = Release|Win32
		{DE4FBBFE-7479-4AFF-846D-69DC799F5ADF}.Release|Win32.Build.0 = Release|Win32
		{DE4FBBFE-7479-4AFF-846D-69DC799F5ADF}.Release|x64.ActiveCfg = Release|x64
		{DE4FBBFE-7479-4AFF-846D-69DC799F5ADF}.Release|x64.Build.0 = Release|x64
		{30219775-4C69-4E2A-9A6C-7D1D6B226E5F}.Debug|Win32.ActiveCfg = Debug|Win32
		{30219775-4C69-4E2A-9A6C-7D1D6B226E5F}.Debug|Win32.Build.0 = Debug|Win32
		{30219775-4C69-4E2A-9A6C-7D1D6B226E5F}.Debug|x64.ActiveCfg = Debug|x64
		{30219775-4C69-4E2A-9A6C-7D1D6B226E5F}.Debug|x64.Build.0 = Debug|x64
		{30219775-4C69-4E2A-9A6C-7D1D6B226E5F}.Release_PGO_Inst|Win32.ActiveCfg = Release_PGO_Inst|Win32
		{30219775-4C69-4E2A-9A6C-7D1D6B226E5F}.Release_PGO_Inst|Win32.Build.0 = Release_PGO_Inst|Win32
		{30219775-4C69-4E2A-9A6C-7D1D6B226E5F}.Release_PGO_Inst|x64.ActiveCfg = Release_PGO_Inst|x64
		{30219775-4C69-4E2A-9A6C-7D1D6B226E5F}.Release_PGO_Inst|x64.Build.0 = Release_PGO_Inst|x64
		{30219775-4C69-4E2A-9A6C-7D1D6B226E5F}.Release|Win32.ActiveCfg = Release|Win32
		{30219775-4C69-4E2A-9A6C-7D1D6B226E5F}.Release|Win32.Build.0 = Release|Win32
		{30219775-4C69-4E2A-9A6C-7D1D6B226E5F}.Release|x64.ActiveCfg = Release|x64
		{30219775-4C69-4E2A-9A6C-7D1D6B226E5F}.Release|x64.Build.0 = Release|x64
		{8A280901-357C-4A38-881E-841654C8A6BD}.Debug|Win32.ActiveCfg = Debug|Win32
		{8A280901-357C-4A38-881E-841654C8A6BD}.Debug|Win32.Build.0 = Debug|Win32
		{8A280901-357C-4A38-881E-841654C8A6BD}.Debug|x64.ActiveCfg = Debug|x64
		{8A280901-357C-4A38-881E-841654C8A6BD}.Debug|x64.Build.0 = Debug|x64
		{8A280901-357C-4A38-881E-841654C8A6BD}.Release_PGO_Inst|Win32.ActiveCfg = Release_PGO_Inst|Win32
		{8A280901-357C-4A38-881E-841654C8A6BD}.Release_PGO_Inst|Win32.Build.0 = Release_PGO_Inst|Win32
		{8A280901-357C-4A38-881E-841654C8A6BD}.Release_PGO_Inst|x64.ActiveCfg = Release_PGO_Inst|x64
		{8A280901-357C-4A38-881E-841654C8A6BD}.Release_PGO_Inst|x64.Build.0 = Release_PGO_Inst|x64
		{8A280901-357C-4A38-881E-841654C8A6BD}.Release|Win32.ActiveCfg = Release|Win32
		{8A280901-357C-4A38-881E-841654C8A6BD}.Release|Win32.Build.0 = Release|Win32
		{8A280901-357C-4A38-881E-841654C8A6BD}.Release|x64.ActiveCfg = Release|x64
		{8A280901-357C-4A38-881E-841654C8A6BD}.Release|x64.Build.0 = Release|x64
		{7EE8F4CB-3CED-4448-9D52-240AF6EA9CB7}.Debug|Win32.ActiveCfg = Debug|Win32
		{7EE8F4CB-3CED-4448-9D52-240AF6EA9CB7}.Debug|Win32.Build.0 = Debug|Win32
		{7EE8F4CB-3CED-4448-9D52-240AF6EA9CB7}.Debug|x64.ActiveCfg = Debug|x64
		{7EE8F4CB-3CED-4448-9D52-240AF6EA9CB7}.Debug|x64.Build.0 = Debug|x64
		{7EE8F4CB-3CED-4448-9D52-240AF6EA9CB7}.Release_PGO_Inst|Win32.ActiveCfg = Release_PGO_Inst|Win32
		{7EE8F4CB-3CED-4448-9D52-240AF6EA9CB7}.Release_PGO_Inst|Win32.Build.0 = Release_PGO_Inst|Win32
		{7EE8F4CB-3CED-4448-9D52-240AF6EA9CB7}.Release_PGO_Inst|x64.ActiveCfg = Release_PGO_Inst|x64
		{7EE8F4CB-3CED-4448-9D52-240AF6EA9CB7}.Release_PGO_Inst|x64.Build.0 = Release_PGO_Inst|x64
		{7EE8F4CB-3CED-4448-9D52-240AF6EA9CB7}.Release|Win32.ActiveCfg = Release|Win32
		{7EE8F4CB-3CED-4448-9D52-240AF6EA9CB7}.Release|Win32.Build.0 = Release|Win32
		{7EE8F4CB-3CED-4448-9D52-240AF6EA9CB7}.Release|x64.ActiveCfg = Release|x64
		{7EE8F4CB-3CED-4448-9D52-240AF6EA9CB7}.Release|x64.Build.0 = Release|x64
		{2E2A0325-5E70-456F-BC96-3A1E8A212480}.Debug|Win32.ActiveCfg = Debug|Win32
		{2E2A0325-5E70-456F-BC96-3A1E8A212480}.Debug|Win32.Build.0 = Debug|Win32
		{2E2A0325-5E70-456F-BC96-3A1E8A212480}.Debug|x64.ActiveCfg = Debug|x64
		{2E2A0325-5E70-456F-BC96-3A1E8A212480}.Debug|x64.Build.0 = Debug|x64
		{2E2A0325-5E70-456F-BC96-3A1E8A212480}.Release_PGO_Inst|Win32.ActiveCfg = Release_PGO_Inst|Win32
		{2E2A0325-5E70-456F-BC96-3A1E8A212480}.Release_PGO_Inst|Win32.Build.0 = Release_PGO_Inst|Win32
		{2E2A0325-5E70-456F-BC96-3A1E8A212480}.Release_PGO_Inst|x64.ActiveCfg = Release_PGO_Inst|x64
		{2E2A0325-5E70-456F-BC96-3A1E8A212480}.Release_PGO_Inst|x64.Build.0 = Release_PGO_Inst|x64
		{2E2A0325-5E70-456F-BC96-3A1E8A212480}.Release|Win32.ActiveCfg = Release|Win32
		{2E2A0325-5E70-456F-BC96-3A1E8A212480}.Release|Win32.Build.0 = Release|Win32
		{2E2A0325-5E70-456F-BC96-3A1E8A212480}.Release|x64.ActiveCfg = Release|x64
		{2E2A0325-5E70-456F-BC96-3A1E8A212480}.Release|x64.Build.0 = Release|x64
		{290FB032-A287-4F84-BFAA-8BE2754961BE}.Debug|Win32.ActiveCfg = Debug|Win32
		{290FB032-A287-4F84-BFAA-8BE2754961BE}.Debug|Win32.Build.0 = Debug|Win32
		{290FB032-A287-4F84-BFAA-8BE2754961BE}.Debug|x64.ActiveCfg = Debug|x64
		{290FB032-A287-4F84-BFAA-8BE2754961BE}.Debug|x64.Build.0 = Debug|x64
		{290FB032-A287-4F84-BFAA-8BE2754961BE}.Release_PGO_Inst|Win32.ActiveCfg = Release_PGO_Inst|Win32
		{290FB032-A287-4F84-BFAA-8BE2754961BE}.Release_PGO_Inst|Win32.Build.0 = Release_PGO_Inst|Win32
		{290FB032-A287-4F84-BFAA-8BE2754961BE}.Release_PGO_Inst|x64.ActiveCfg = Release_PGO_Inst|x64
		{290FB032-A287-4F84-BFAA-8BE2754961BE}.Release_PGO_Inst|x64.Build.0 = Release_PGO_Inst|x64
		{290FB032-A287-4F84-BFAA-8BE2754961BE}.Release|Win32.ActiveCfg = Release|Win32
		{290FB032-A287-4F84-BFAA-8BE2754961BE}.Release|Win32.Build.0 = Release|Win32
		{290FB032-A287-4F84-BFAA-8BE2754961BE}.Release|x64.ActiveCfg = Release|x64
		{290FB032-A287-4F84-BFAA-8BE2754961BE}.Release|x64.Build.0 = Release|x64
		{10090A23-EC31-4D3F-88FD-82E8D9165B0D}.Debug|Win32.ActiveCfg = Debug|Win32
		{10090A23-EC31-4D3F-88FD-82E8D9165B0D}.Debug|Win32.Build.0 = Debug|Win32
		{10090A23-EC31-4D3F-88FD-82E8D9165B0D}.Debug|x64.ActiveCfg = Debug|x64
		{10090A23-EC31-4D3F-88FD-82E8D9165B0D}.Debug|x64.Build.0 = Debug|x64
		{10090A23-EC31-4D3F-88FD-82E8D9165B0D}.Release_PGO_Inst|Win32.ActiveCfg = Release_PGO_Inst|Win32
		{10090A23-EC31-4D3F-88FD-82E8D9165B0D}.Release_PGO_Inst|Win32.Build.0 = Release_PGO_Inst|Win32
		{10090A23-EC31-4D3F-88FD-82E8D9165B0D}.Release_PGO_Inst|x64.ActiveCfg = Release_PGO_Inst|x64
		{10090A23-EC31-4D3F-88FD-82E8D9165B0D}.Release_PGO_Inst|x64.Build.0 = Release_PGO_Inst|x64
		{10090A23-EC31-4D3F-88FD-82E8D9165B0D}.Release|Win32.ActiveCfg = Release|Win32
		{10090A23-EC31-4D3F-88FD-82E8D9165B0D}.Release|Win32.Build.0 = Release|Win32
		{10090A23-EC31-4D3F-88FD-82E8D9165B0D}.Release|x64.ActiveCfg = Release|x64
		{10090A23-EC31-4D3F-88FD-82E8D9165B0D}.Release|x64.Build.0 = Release|x64
		{F86385AF-0FBA-4987-AB87-6F559F46176D}.Debug|Win32.ActiveCfg = Debug|Win32
		{F86385AF-0FBA-4987-AB87-6F559F46176D}.Debug|Win32.Build.0 = Debug|Win32
		{F86385AF-0FBA-4987-AB87-6F559F46176D}.Debug|x64.ActiveCfg = Debug|x64
		{F86385AF-0FBA-4987-AB87-6F559F46176D}.Debug|x64.Build.0 = Debug|x64
		{F86385AF-0FBA-4987-AB87-6F559F46176D}.Release_PGO_Inst|Win32.ActiveCfg = Release_PGO_Inst|Win32
		{F86385AF-0FBA-4987-AB87-6F559F46176D}.Release_PGO_Inst|Win32.Build.0 = Release_PGO_Inst|Win32
		{F86385AF-0FBA-4987-AB87-6F559F46176D}.Release_PGO_Inst|x64.ActiveCfg = Release_PGO_Inst|x64
		{F86385AF-0FBA-4987-AB87-6F559F46176D}.Release_PGO_Inst|x64.Build.0 = Release_PGO_Inst|x64
		{F86385AF-0FBA-4987-AB87-6F559F46176D}.Release|Win32.ActiveCfg = Release|Win32
		{F86385AF-0FBA-4987-AB87-6F559F46176D}.Release|Win32.Build.0 = Release|Win32
		{F86385AF-0FBA-4987-AB87-6F559F46176D}.Release|x64.ActiveCfg = Release|x64
		{F86385AF-0FBA-4987-AB87-6F559F46176D}.Release|x64.Build.0 = Release|x64
		{DD0A3D36-E955-44CC-9F3F-C7A151427282}.Debug|Win32.ActiveCfg = Debug|Win32
		{DD0A3D36-E955-44CC-9F3F-C7A151427282}.Debug|Win32.Build.0 = Debug|Win32
		{DD0A3D36-E955-44CC-9F3F-C7A151427282}.Debug|x64.ActiveCfg = Debug|x64
		{DD0A3D36-E955-44CC-9F3F-C7A151427282}.Debug|x64.Build.0 = Debug|x64
		{DD0A3D36-E955-44CC-9F3F-C7A151427282}.Release_PGO_Inst|Win32.ActiveCfg = Release_PGO_Inst|Win32
		{DD0A3D36-E955-44CC-9F3F-C7A151427282}.Release_PGO_Inst|Win32.Build.0 = Release_PGO_Inst|Win32
		{DD0A3D36-E955-44CC-9F3F-C7A151427282}.Release_PGO_Inst|x64.ActiveCfg = Release_PGO_Inst|x64
		{DD0A3D36-E955-44CC-9F3F-C7A151427282}.Release_PGO_Inst|x64.Build.0 = Release_PGO_Inst|x64
		{DD0A3D36-E955-44CC-9F3F-C7A151427282}.Release|Win32.ActiveCfg = Release|Win32
		{DD0A3D36-E955-44CC-9F3F-C7A151427282}.Release|Win32.Build.0 = Release|Win32
		{DD0A3D36-E955-44CC-9F3F-C7A151427282}.Release|x64.ActiveCfg = Release|x64
		{DD0A3D36-E955-44CC-9F3F-C7A151427282}.Release|x64.Build.0 = Release|x64
		{0D2E9B6C-0001-4222-AE35-22A18BDAAA33}.Debug|Win32.ActiveCfg = Debug|Win32
		{0D2E9B6C-0001-4222-AE35-22A18BDAAA33}.Debug|Win32.Build.0 = Debug|Win32
		{0D2E9B6C-0001-4222-AE35-22A18BDAAA33}.Debug|x64.ActiveCfg = Debug|x64
		{0D2E9B6C-0001-4222-AE35-22A18BDAAA33}.Debug|x64.Build.0 = Debug|x64
		{0D2E9B6C-0001-4222-AE35-22A18BDAAA33}.Release_PGO_Inst|Win32.ActiveCfg = Release_PGO_Inst|Win32
		{0D2E9B6C-0001-4222-AE35-22A18BDAAA33}.Release_PGO_Inst|Win32.Build.0 = Release_PGO_Inst|Win32
		{0D2E9B6C-0001-4222-AE35-22A18BDAAA33}.Release_PGO_Inst|x64.ActiveCfg = Release_PGO_Inst|x64
		{0D2E9B6C-0001-4222-AE35-22A18BDAAA33}.Release_PGO_Inst|x64.Build.0 = Release_PGO_Inst|x64
		{0D2E9B6C-0001-4222-AE35-22A18BDAAA33}.Release|Win32.ActiveCfg = Release|Win32
		{0D2E9B6C-0001-4222-AE35-22A18BDAAA33}.Release|Win32.Build.0 = Release|Win32
		{0D2E9B6C-0001-4222-AE35-22A18BDAAA33}.Release|x64.ActiveCfg = Release|x64
		{0D2E9B6C-0001-4222-AE35-22A18BDAAA33}.Release|x64.Build.0 = Release|x64
		{385342EC-D560-42E9-9B7C-C56082DF2789}.Debug|Win32.ActiveCfg = Debug|Win32
		{385342EC-D560-42E9-9B7C-C56082DF2789}.Debug|Win32.Build.0 = Debug|Win32
		{385342EC-D560-42E9-9B7C-C56082DF2789}.Debug|x64.ActiveCfg = Debug|x64
		{385342EC-D560-42E9-9B7C-C56082DF2789}.Debug|x64.Build.0 = Debug|x64
		{385342EC-D560-42E9-9B7C-C56082DF2789}.Release_PGO_Inst|Win32.ActiveCfg = Release_PGO_Inst|Win32
		{385342EC-D560-42E9-9B7C-C56082DF2789}.Release_PGO_Inst|Win32.Build.0 = Release_PGO_Inst|Win32
		{385342EC-D560-42E9-9B7C-C56082DF2789}.Release_PGO_Inst|x64.ActiveCfg = Release_PGO_Inst|x64
		{385342EC-D560-42E9-9B7C-C56082DF2789}.Release_PGO_Inst|x64.Build.0 = Release_PGO_Inst|x64
		{385342EC-D560-42E9-9B7C-C56082DF2789}.Release|Win32.ActiveCfg = Release|Win32
		{385342EC-D560-42E9-9B7C-C56082DF2789}.Release|Win32.Build.0 = Release|Win32
		{385342EC-D560-42E9-9B7C-C56082DF2789}.Release|x64.ActiveCfg = Release|x64
		{385342EC-D560-42E9-9B7C-C56082DF2789}.Release|x64.Build.0 = Release|x64
		{995304E6-52BE-44EA-B399-D3FFD525C7A0}.Debug|Win32.ActiveCfg = Debug|Win32
		{995304E6-52BE-44EA-B399-D3FFD525C7A0}.Debug|Win32.Build.0 = Debug|Win32
		{995304E6-52BE-44EA-B399-D3FFD525C7A0}.Debug|x64.ActiveCfg = Debug|x64
		{995304E6-52BE-44EA-B399-D3FFD525C7A0}.Debug|x64.Build.0 = Debug|x64
		{995304E6-52BE-44EA-B399-D3FFD525C7A0}.Release_PGO_Inst|Win32.ActiveCfg = Release_PGO_Inst|Win32
		{995304E6-52BE-44EA-B399-D3FFD525C7A0}.Release_PGO_Inst|Win32.Build.0 = Release_PGO_Inst|Win32
		{995304E6-52BE-44EA-B399-D3FFD525C7A0}.Release_PGO_Inst|x64.ActiveCfg = Release_PGO_Inst|x64
		{995304E6-52BE-44EA-B399-D3FFD525C7A0}.Release_PGO_Inst|x64.Build.0 = Release_PGO_Inst|x64
		{995304E6-52BE-44EA-B399-D3FFD525C7A0}.Release|Win32.ActiveCfg = Release|Win32
		{995304E6-52BE-44EA-B399-D3FFD525C7A0}.Release|Win32.Build.0 = Release|Win32
		{995304E6-52BE-44EA-B399-D3FFD525C7A0}.Release|x64.ActiveCfg = Release|x64
		{995304E6-52BE-44EA-B399-D3FFD525C7A0}.Release|x64.Build.0 = Release|x64
		{4124F37F-26B7-46B6-BE8D-4D8F88540EE6}.Debug|Win32.ActiveCfg = Debug|Win32
		{4124F37F-26B7-46B6-BE8D-4D8F88540EE6}.Debug|Win32.Build.0 = Debug|Win32
		{4124F37F-26B7-46B6-BE8D-4D8F88540EE6}.Debug|x64.ActiveCfg = Debug|x64
		{4124F37F-26B7-46B6-BE8D-4D8F88540EE6}.Debug|x64.Build.0 = Debug|x64
		{4124F37F-26B7-46B6-BE8D-4D8F88540EE6}.Release_PGO_Inst|Win32.ActiveCfg = Release_PGO_Inst|Win32
		{4124F37F-26B7-46B6-BE8D-4D8F88540EE6}.Release_PGO_Inst|Win32.Build.0 = Release_PGO_Inst|Win32
		{4124F37F-26B7-46B6-BE8D-4D8F88540EE6}.Release_PGO_Inst|x64.ActiveCfg = Release_PGO_Inst|x64
		{4124F37F-26B7-46B6-BE8D-4D8F88540EE6}.Release_PGO_Inst|x64.Build.0 = Release_PGO_Inst|x64
		{4124F37F-26B7-46B6-BE8D-4D8F88540EE6}.Release|Win32.ActiveCfg = Release|Win32
		{4124F37F-26B7-46B6-BE8D-4D8F88540EE6}.Release|Win32.Build.0 = Release|Win32
		{4124F37F-26B7-46B6-BE8D-4D8F88540EE6}.Release|x64.ActiveCfg = Release|x64
		{4124F37F-26B7-46B6-BE8D-4D8F88540EE6}.Release|x64.Build.0 = Release|x64
		{000E2935-DB81-4A60-BE07-1E46B21502ED}.Debug|Win32.ActiveCfg = Debug|Win32
		{000E2935-DB81-4A60-BE07-1E46B21502ED}.Debug|Win32.Build.0 = Debug|Win32
		{000E2935-DB81-4A60-BE07-1E46B21502ED}.Debug|x64.ActiveCfg = Debug|x64
		{000E2935-DB81-4A60-BE07-1E46B21502ED}.Debug|x64.Build.0 = Debug|x64
		{000E2935-DB81-4A60-BE07-1E46B21502ED}.Release_PGO_Inst|Win32.ActiveCfg = Release_PGO_Inst|Win32
		{000E2935-DB81-4A60-BE07-1E46B21502ED}.Release_PGO_Inst|Win32.Build.0 = Release_PGO_Inst|Win32
		{000E2935-DB81-4A60-BE07-1E46B21502ED}.Release_PGO_Inst|x64.ActiveCfg = Release_PGO_Inst|x64
		{000E2935-DB81-4A60-BE07-1E46B21502ED}.Release_PGO_Inst|x64.Build.0 = Release_PGO_Inst|x64
		{000E2935-DB81-4A60-BE07-1E46B21502ED}.Release|Win32.ActiveCfg = Release|Win32
		{000E2935-DB81-4A60-BE07-1E46B21502ED}.Release|Win32.Build.0 = Release|Win32
		{000E2935-DB81-4A60-BE07-1E46B21502ED}.Release|x64.ActiveCfg = Release|x64
		{000E2935-DB81-4A60-BE07-1E46B21502ED}.Release|x64.Build.0 = Release|x64
	EndGlobalSection
	GlobalSection(SolutionProperties) = preSolution
		HideSolutionNode = FALSE
	EndGlobalSection
EndGlobal
